
Microsoft Visual Studio Solution File, Format Version 12.00
# Visual Studio Version 16
VisualStudioVersion = 16.0.30309.148
MinimumVisualStudioVersion = 10.0.40219.1
Project("{9A19103F-16F7-4668-BE54-9A1E7A4F7556}") = "Database", "Database\Database.csproj", "{3ABEB301-9C3F-442C-A7BF-EECA64C1BC00}"
EndProject
Project("{9A19103F-16F7-4668-BE54-9A1E7A4F7556}") = "Database.MySql", "Database.MySql\Database.MySql.csproj", "{79188C4B-75EF-48FC-8A21-247C936BAF59}"
EndProject
Project("{FAE04EC0-301F-11D3-BF4B-00C04F79EFBC}") = "MsSQL", "MsSQL\MsSQL.csproj", "{B05C3B6D-0367-49BD-BCCC-0825D97B8529}"
EndProject
Global
	GlobalSection(SolutionConfigurationPlatforms) = preSolution
		Debug|Any CPU = Debug|Any CPU
		Release|Any CPU = Release|Any CPU
	EndGlobalSection
	GlobalSection(ProjectConfigurationPlatforms) = postSolution
		{3ABEB301-9C3F-442C-A7BF-EECA64C1BC00}.Debug|Any CPU.ActiveCfg = Debug|Any CPU
		{3ABEB301-9C3F-442C-A7BF-EECA64C1BC00}.Debug|Any CPU.Build.0 = Debug|Any CPU
		{3ABEB301-9C3F-442C-A7BF-EECA64C1BC00}.Release|Any CPU.ActiveCfg = Release|Any CPU
		{3ABEB301-9C3F-442C-A7BF-EECA64C1BC00}.Release|Any CPU.Build.0 = Release|Any CPU
		{79188C4B-75EF-48FC-8A21-247C936BAF59}.Debug|Any CPU.ActiveCfg = Debug|Any CPU
		{79188C4B-75EF-48FC-8A21-247C936BAF59}.Debug|Any CPU.Build.0 = Debug|Any CPU
		{79188C4B-75EF-48FC-8A21-247C936BAF59}.Release|Any CPU.ActiveCfg = Release|Any CPU
		{79188C4B-75EF-48FC-8A21-247C936BAF59}.Release|Any CPU.Build.0 = Release|Any CPU
		{B05C3B6D-0367-49BD-BCCC-0825D97B8529}.Debug|Any CPU.ActiveCfg = Debug|Any CPU
		{B05C3B6D-0367-49BD-BCCC-0825D97B8529}.Debug|Any CPU.Build.0 = Debug|Any CPU
		{B05C3B6D-0367-49BD-BCCC-0825D97B8529}.Release|Any CPU.ActiveCfg = Release|Any CPU
		{B05C3B6D-0367-49BD-BCCC-0825D97B8529}.Release|Any CPU.Build.0 = Release|Any CPU
	EndGlobalSection
	GlobalSection(SolutionProperties) = preSolution
		HideSolutionNode = FALSE
	EndGlobalSection
	GlobalSection(ExtensibilityGlobals) = postSolution
		SolutionGuid = {C79F25CB-CDDC-404C-B465-86D3456DD5FE}
	EndGlobalSection
EndGlobal
